// !$*UTF8*$!
{
	archiveVersion = 1;
	classes = {
	};
	objectVersion = 56;
	objects = {

/* Begin PBXBuildFile section */
		3E229DC02A51995E00EDD3EB /* WebtoonApp.swift in Sources */ = {isa = PBXBuildFile; fileRef = 3E229DBF2A51995E00EDD3EB /* WebtoonApp.swift */; };
		3E229DC22A51995E00EDD3EB /* ContentView.swift in Sources */ = {isa = PBXBuildFile; fileRef = 3E229DC12A51995E00EDD3EB /* ContentView.swift */; };
		3E229DC42A51995F00EDD3EB /* Assets.xcassets in Resources */ = {isa = PBXBuildFile; fileRef = 3E229DC32A51995F00EDD3EB /* Assets.xcassets */; };
		3E229DC72A51996000EDD3EB /* Preview Assets.xcassets in Resources */ = {isa = PBXBuildFile; fileRef = 3E229DC62A51996000EDD3EB /* Preview Assets.xcassets */; };
		3EE9C9F52A52EF330069FF81 /* MainView.swift in Sources */ = {isa = PBXBuildFile; fileRef = 3EE9C9F42A52EF330069FF81 /* MainView.swift */; };
		3EE9C9F72A52F5560069FF81 /* WebtoonBox.swift in Sources */ = {isa = PBXBuildFile; fileRef = 3EE9C9F62A52F5560069FF81 /* WebtoonBox.swift */; };
		3EE9C9F92A52F9F40069FF81 /* Webtoons.swift in Sources */ = {isa = PBXBuildFile; fileRef = 3EE9C9F82A52F9F40069FF81 /* Webtoons.swift */; };
		3EE9C9FB2A5318A10069FF81 /* WebToonsHeader.swift in Sources */ = {isa = PBXBuildFile; fileRef = 3EE9C9FA2A5318A10069FF81 /* WebToonsHeader.swift */; };
		3EE9C9FF2A53201C0069FF81 /* WeebtoonNavView.swift in Sources */ = {isa = PBXBuildFile; fileRef = 3EE9C9FE2A53201C0069FF81 /* WeebtoonNavView.swift */; };
		3EE9CA1B2A5696230069FF81 /* ResearchMoreWebtoons.swift in Sources */ = {isa = PBXBuildFile; fileRef = 3EE9CA1A2A5696230069FF81 /* ResearchMoreWebtoons.swift */; };
/* End PBXBuildFile section */

/* Begin PBXFileReference section */
		3E229DBC2A51995E00EDD3EB /* Webtoon.app */ = {isa = PBXFileReference; explicitFileType = wrapper.application; includeInIndex = 0; path = Webtoon.app; sourceTree = BUILT_PRODUCTS_DIR; };
		3E229DBF2A51995E00EDD3EB /* WebtoonApp.swift */ = {isa = PBXFileReference; lastKnownFileType = sourcecode.swift; path = WebtoonApp.swift; sourceTree = "<group>"; };
		3E229DC12A51995E00EDD3EB /* ContentView.swift */ = {isa = PBXFileReference; lastKnownFileType = sourcecode.swift; path = ContentView.swift; sourceTree = "<group>"; };
		3E229DC32A51995F00EDD3EB /* Assets.xcassets */ = {isa = PBXFileReference; lastKnownFileType = folder.assetcatalog; path = Assets.xcassets; sourceTree = "<group>"; };
		3E229DC62A51996000EDD3EB /* Preview Assets.xcassets */ = {isa = PBXFileReference; lastKnownFileType = folder.assetcatalog; path = "Preview Assets.xcassets"; sourceTree = "<group>"; };
		3EE9C9F42A52EF330069FF81 /* MainView.swift */ = {isa = PBXFileReference; lastKnownFileType = sourcecode.swift; path = MainView.swift; sourceTree = "<group>"; };
		3EE9C9F62A52F5560069FF81 /* WebtoonBox.swift */ = {isa = PBXFileReference; lastKnownFileType = sourcecode.swift; path = WebtoonBox.swift; sourceTree = "<group>"; };
		3EE9C9F82A52F9F40069FF81 /* Webtoons.swift */ = {isa = PBXFileReference; lastKnownFileType = sourcecode.swift; path = Webtoons.swift; sourceTree = "<group>"; };
		3EE9C9FA2A5318A10069FF81 /* WebToonsHeader.swift */ = {isa = PBXFileReference; lastKnownFileType = sourcecode.swift; path = WebToonsHeader.swift; sourceTree = "<group>"; };
		3EE9C9FE2A53201C0069FF81 /* WeebtoonNavView.swift */ = {isa = PBXFileReference; lastKnownFileType = sourcecode.swift; path = WeebtoonNavView.swift; sourceTree = "<group>"; };
		3EE9CA1A2A5696230069FF81 /* ResearchMoreWebtoons.swift */ = {isa = PBXFileReference; lastKnownFileType = sourcecode.swift; path = ResearchMoreWebtoons.swift; sourceTree = "<group>"; };
/* End PBXFileReference section */

/* Begin PBXFrameworksBuildPhase section */
		3E229DB92A51995E00EDD3EB /* Frameworks */ = {
			isa = PBXFrameworksBuildPhase;
			buildActionMask = 2147483647;
			files = (
			);
			runOnlyForDeploymentPostprocessing = 0;
		};
/* End PBXFrameworksBuildPhase section */

/* Begin PBXGroup section */
		3E229DB32A51995E00EDD3EB = {
			isa = PBXGroup;
			children = (
				3E229DBE2A51995E00EDD3EB /* Webtoon */,
				3E229DBD2A51995E00EDD3EB /* Products */,
			);
			sourceTree = "<group>";
		};
		3E229DBD2A51995E00EDD3EB /* Products */ = {
			isa = PBXGroup;
			children = (
				3E229DBC2A51995E00EDD3EB /* Webtoon.app */,
			);
			name = Products;
			sourceTree = "<group>";
		};
		3E229DBE2A51995E00EDD3EB /* Webtoon */ = {
			isa = PBXGroup;
			children = (
				3E229DBF2A51995E00EDD3EB /* WebtoonApp.swift */,
				3E229DC12A51995E00EDD3EB /* ContentView.swift */,
				3EE9C9F42A52EF330069FF81 /* MainView.swift */,
				3EE9C9FC2A531E790069FF81 /* WebtoonsGrid */,
				3EE9C9FD2A531FFC0069FF81 /* WeebtoonsNav */,
				3E229DC32A51995F00EDD3EB /* Assets.xcassets */,
				3E229DC52A51996000EDD3EB /* Preview Content */,
			);
			path = Webtoon;
			sourceTree = "<group>";
		};
		3E229DC52A51996000EDD3EB /* Preview Content */ = {
			isa = PBXGroup;
			children = (
				3E229DC62A51996000EDD3EB /* Preview Assets.xcassets */,
			);
			path = "Preview Content";
			sourceTree = "<group>";
		};
		3EE9C9FC2A531E790069FF81 /* WebtoonsGrid */ = {
			isa = PBXGroup;
			children = (
				3EE9C9F82A52F9F40069FF81 /* Webtoons.swift */,
				3EE9C9FA2A5318A10069FF81 /* WebToonsHeader.swift */,
				3EE9C9F62A52F5560069FF81 /* WebtoonBox.swift */,
			);
			path = WebtoonsGrid;
			sourceTree = "<group>";
		};
		3EE9C9FD2A531FFC0069FF81 /* WeebtoonsNav */ = {
			isa = PBXGroup;
			children = (
				3EE9C9FE2A53201C0069FF81 /* WeebtoonNavView.swift */,
				3EE9CA1A2A5696230069FF81 /* ResearchMoreWebtoons.swift */,
			);
			path = WeebtoonsNav;
			sourceTree = "<group>";
		};
/* End PBXGroup section */

/* Begin PBXNativeTarget section */
		3E229DBB2A51995E00EDD3EB /* Webtoon */ = {
			isa = PBXNativeTarget;
			buildConfigurationList = 3E229DCA2A51996000EDD3EB /* Build configuration list for PBXNativeTarget "Webtoon" */;
			buildPhases = (
				3E229DB82A51995E00EDD3EB /* Sources */,
				3E229DB92A51995E00EDD3EB /* Frameworks */,
				3E229DBA2A51995E00EDD3EB /* Resources */,
			);
			buildRules = (
			);
			dependencies = (
			);
			name = Webtoon;
			productName = Webtoon;
			productReference = 3E229DBC2A51995E00EDD3EB /* Webtoon.app */;
			productType = "com.apple.product-type.application";
		};
/* End PBXNativeTarget section */

/* Begin PBXProject section */
		3E229DB42A51995E00EDD3EB /* Project object */ = {
			isa = PBXProject;
			attributes = {
				BuildIndependentTargetsInParallel = 1;
				LastSwiftUpdateCheck = 1430;
				LastUpgradeCheck = 1430;
				TargetAttributes = {
					3E229DBB2A51995E00EDD3EB = {
						CreatedOnToolsVersion = 14.3.1;
					};
				};
			};
			buildConfigurationList = 3E229DB72A51995E00EDD3EB /* Build configuration list for PBXProject "Webtoon" */;
			compatibilityVersion = "Xcode 14.0";
			developmentRegion = en;
			hasScannedForEncodings = 0;
			knownRegions = (
				en,
				Base,
			);
			mainGroup = 3E229DB32A51995E00EDD3EB;
			productRefGroup = 3E229DBD2A51995E00EDD3EB /* Products */;
			projectDirPath = "";
			projectRoot = "";
			targets = (
				3E229DBB2A51995E00EDD3EB /* Webtoon */,
			);
		};
/* End PBXProject section */

/* Begin PBXResourcesBuildPhase section */
		3E229DBA2A51995E00EDD3EB /* Resources */ = {
			isa = PBXResourcesBuildPhase;
			buildActionMask = 2147483647;
			files = (
				3E229DC72A51996000EDD3EB /* Preview Assets.xcassets in Resources */,
				3E229DC42A51995F00EDD3EB /* Assets.xcassets in Resources */,
			);
			runOnlyForDeploymentPostprocessing = 0;
		};
/* End PBXResourcesBuildPhase section */

/* Begin PBXSourcesBuildPhase section */
		3E229DB82A51995E00EDD3EB /* Sources */ = {
			isa = PBXSourcesBuildPhase;
			buildActionMask = 2147483647;
			files = (
				3EE9C9FF2A53201C0069FF81 /* WeebtoonNavView.swift in Sources */,
				3E229DC22A51995E00EDD3EB /* ContentView.swift in Sources */,
				3EE9C9F72A52F5560069FF81 /* WebtoonBox.swift in Sources */,
				3EE9C9F52A52EF330069FF81 /* MainView.swift in Sources */,
				3EE9C9FB2A5318A10069FF81 /* WebToonsHeader.swift in Sources */,
				3E229DC02A51995E00EDD3EB /* WebtoonApp.swift in Sources */,
				3EE9CA1B2A5696230069FF81 /* ResearchMoreWebtoons.swift in Sources */,
				3EE9C9F92A52F9F40069FF81 /* Webtoons.swift in Sources */,
			);
			runOnlyForDeploymentPostprocessing = 0;
		};
/* End PBXSourcesBuildPhase section */

/* Begin XCBuildConfiguration section */
		3E229DC82A51996000EDD3EB /* Debug */ = {
			isa = XCBuildConfiguration;
			buildSettings = {
				ALWAYS_SEARCH_USER_PATHS = NO;
				CLANG_ANALYZER_NONNULL = YES;
				CLANG_ANALYZER_NUMBER_OBJECT_CONVERSION = YES_AGGRESSIVE;
				CLANG_CXX_LANGUAGE_STANDARD = "gnu++20";
				CLANG_ENABLE_MODULES = YES;
				CLANG_ENABLE_OBJC_ARC = YES;
				CLANG_ENABLE_OBJC_WEAK = YES;
				CLANG_WARN_BLOCK_CAPTURE_AUTORELEASING = YES;
				CLANG_WARN_BOOL_CONVERSION = YES;
				CLANG_WARN_COMMA = YES;
				CLANG_WARN_CONSTANT_CONVERSION = YES;
				CLANG_WARN_DEPRECATED_OBJC_IMPLEMENTATIONS = YES;
				CLANG_WARN_DIRECT_OBJC_ISA_USAGE = YES_ERROR;
				CLANG_WARN_DOCUMENTATION_COMMENTS = YES;
				CLANG_WARN_EMPTY_BODY = YES;
				CLANG_WARN_ENUM_CONVERSION = YES;
				CLANG_WARN_INFINITE_RECURSION = YES;
				CLANG_WARN_INT_CONVERSION = YES;
				CLANG_WARN_NON_LITERAL_NULL_CONVERSION = YES;
				CLANG_WARN_OBJC_IMPLICIT_RETAIN_SELF = YES;
				CLANG_WARN_OBJC_LITERAL_CONVERSION = YES;
				CLANG_WARN_OBJC_ROOT_CLASS = YES_ERROR;
				CLANG_WARN_QUOTED_INCLUDE_IN_FRAMEWORK_HEADER = YES;
				CLANG_WARN_RANGE_LOOP_ANALYSIS = YES;
				CLANG_WARN_STRICT_PROTOTYPES = YES;
				CLANG_WARN_SUSPICIOUS_MOVE = YES;
				CLANG_WARN_UNGUARDED_AVAILABILITY = YES_AGGRESSIVE;
				CLANG_WARN_UNREACHABLE_CODE = YES;
				CLANG_WARN__DUPLICATE_METHOD_MATCH = YES;
				COPY_PHASE_STRIP = NO;
				DEBUG_INFORMATION_FORMAT = dwarf;
				ENABLE_STRICT_OBJC_MSGSEND = YES;
				ENABLE_TESTABILITY = YES;
				GCC_C_LANGUAGE_STANDARD = gnu11;
				GCC_DYNAMIC_NO_PIC = NO;
				GCC_NO_COMMON_BLOCKS = YES;
				GCC_OPTIMIZATION_LEVEL = 0;
				GCC_PREPROCESSOR_DEFINITIONS = (
					"DEBUG=1",
					"$(inherited)",
				);
				GCC_WARN_64_TO_32_BIT_CONVERSION = YES;
				GCC_WARN_ABOUT_RETURN_TYPE = YES_ERROR;
				GCC_WARN_UNDECLARED_SELECTOR = YES;
				GCC_WARN_UNINITIALIZED_AUTOS = YES_AGGRESSIVE;
				GCC_WARN_UNUSED_FUNCTION = YES;
				GCC_WARN_UNUSED_VARIABLE = YES;
				IPHONEOS_DEPLOYMENT_TARGET = 16.4;
				MTL_ENABLE_DEBUG_INFO = INCLUDE_SOURCE;
				MTL_FAST_MATH = YES;
				ONLY_ACTIVE_ARCH = YES;
				SDKROOT = iphoneos;
				SWIFT_ACTIVE_COMPILATION_CONDITIONS = DEBUG;
				SWIFT_OPTIMIZATION_LEVEL = "-Onone";
			};
			name = Debug;
		};
		3E229DC92A51996000EDD3EB /* Release */ = {
			isa = XCBuildConfiguration;
			buildSettings = {
				ALWAYS_SEARCH_USER_PATHS = NO;
				CLANG_ANALYZER_NONNULL = YES;
				CLANG_ANALYZER_NUMBER_OBJECT_CONVERSION = YES_AGGRESSIVE;
				CLANG_CXX_LANGUAGE_STANDARD = "gnu++20";
				CLANG_ENABLE_MODULES = YES;
				CLANG_ENABLE_OBJC_ARC = YES;
				CLANG_ENABLE_OBJC_WEAK = YES;
				CLANG_WARN_BLOCK_CAPTURE_AUTORELEASING = YES;
				CLANG_WARN_BOOL_CONVERSION = YES;
				CLANG_WARN_COMMA = YES;
				CLANG_WARN_CONSTANT_CONVERSION = YES;
				CLANG_WARN_DEPRECATED_OBJC_IMPLEMENTATIONS = YES;
				CLANG_WARN_DIRECT_OBJC_ISA_USAGE = YES_ERROR;
				CLANG_WARN_DOCUMENTATION_COMMENTS = YES;
				CLANG_WARN_EMPTY_BODY = YES;
				CLANG_WARN_ENUM_CONVERSION = YES;
				CLANG_WARN_INFINITE_RECURSION = YES;
				CLANG_WARN_INT_CONVERSION = YES;
				CLANG_WARN_NON_LITERAL_NULL_CONVERSION = YES;
				CLANG_WARN_OBJC_IMPLICIT_RETAIN_SELF = YES;
				CLANG_WARN_OBJC_LITERAL_CONVERSION = YES;
				CLANG_WARN_OBJC_ROOT_CLASS = YES_ERROR;
				CLANG_WARN_QUOTED_INCLUDE_IN_FRAMEWORK_HEADER = YES;
				CLANG_WARN_RANGE_LOOP_ANALYSIS = YES;
				CLANG_WARN_STRICT_PROTOTYPES = YES;
				CLANG_WARN_SUSPICIOUS_MOVE = YES;
				CLANG_WARN_UNGUARDED_AVAILABILITY = YES_AGGRESSIVE;
				CLANG_WARN_UNREACHABLE_CODE = YES;
				CLANG_WARN__DUPLICATE_METHOD_MATCH = YES;
				COPY_PHASE_STRIP = NO;
				DEBUG_INFORMATION_FORMAT = "dwarf-with-dsym";
				ENABLE_NS_ASSERTIONS = NO;
				ENABLE_STRICT_OBJC_MSGSEND = YES;
				GCC_C_LANGUAGE_STANDARD = gnu11;
				GCC_NO_COMMON_BLOCKS = YES;
				GCC_WARN_64_TO_32_BIT_CONVERSION = YES;
				GCC_WARN_ABOUT_RETURN_TYPE = YES_ERROR;
				GCC_WARN_UNDECLARED_SELECTOR = YES;
				GCC_WARN_UNINITIALIZED_AUTOS = YES_AGGRESSIVE;
				GCC_WARN_UNUSED_FUNCTION = YES;
				GCC_WARN_UNUSED_VARIABLE = YES;
				IPHONEOS_DEPLOYMENT_TARGET = 16.4;
				MTL_ENABLE_DEBUG_INFO = NO;
				MTL_FAST_MATH = YES;
				SDKROOT = iphoneos;
				SWIFT_COMPILATION_MODE = wholemodule;
				SWIFT_OPTIMIZATION_LEVEL = "-O";
				VALIDATE_PRODUCT = YES;
			};
			name = Release;
		};
		3E229DCB2A51996000EDD3EB /* Debug */ = {
			isa = XCBuildConfiguration;
			buildSettings = {
				ASSETCATALOG_COMPILER_APPICON_NAME = AppIcon;
				ASSETCATALOG_COMPILER_GLOBAL_ACCENT_COLOR_NAME = AccentColor;
				CODE_SIGN_STYLE = Automatic;
				CURRENT_PROJECT_VERSION = 1;
				DEVELOPMENT_ASSET_PATHS = "\"Webtoon/Preview Content\"";
				DEVELOPMENT_TEAM = GZMCL5Q7N2;
				ENABLE_PREVIEWS = YES;
				GENERATE_INFOPLIST_FILE = YES;
				INFOPLIST_KEY_UIApplicationSceneManifest_Generation = YES;
				INFOPLIST_KEY_UIApplicationSupportsIndirectInputEvents = YES;
				INFOPLIST_KEY_UILaunchScreen_Generation = YES;
				INFOPLIST_KEY_UISupportedInterfaceOrientations_iPad = "UIInterfaceOrientationPortrait UIInterfaceOrientationPortraitUpsideDown UIInterfaceOrientationLandscapeLeft UIInterfaceOrientationLandscapeRight";
				INFOPLIST_KEY_UISupportedInterfaceOrientations_iPhone = "UIInterfaceOrientationPortrait UIInterfaceOrientationLandscapeLeft UIInterfaceOrientationLandscapeRight";
				LD_RUNPATH_SEARCH_PATHS = (
					"$(inherited)",
					"@executable_path/Frameworks",
				);
				MARKETING_VERSION = 1.0;
				PRODUCT_BUNDLE_IDENTIFIER = com.bokyung.Webtoon;
				PRODUCT_NAME = "$(TARGET_NAME)";
				SWIFT_EMIT_LOC_STRINGS = YES;
				SWIFT_VERSION = 5.0;
				TARGETED_DEVICE_FAMILY = "1,2";
			};
			name = Debug;
		};
		3E229DCC2A51996000EDD3EB /* Release */ = {
			isa = XCBuildConfiguration;
			buildSettings = {
				ASSETCATALOG_COMPILER_APPICON_NAME = AppIcon;
				ASSETCATALOG_COMPILER_GLOBAL_ACCENT_COLOR_NAME = AccentColor;
				CODE_SIGN_STYLE = Automatic;
				CURRENT_PROJECT_VERSION = 1;
				DEVELOPMENT_ASSET_PATHS = "\"Webtoon/Preview Content\"";
				DEVELOPMENT_TEAM = GZMCL5Q7N2;
				ENABLE_PREVIEWS = YES;
				GENERATE_INFOPLIST_FILE = YES;
				INFOPLIST_KEY_UIApplicationSceneManifest_Generation = YES;
				INFOPLIST_KEY_UIApplicationSupportsIndirectInputEvents = YES;
				INFOPLIST_KEY_UILaunchScreen_Generation = YES;
				INFOPLIST_KEY_UISupportedInterfaceOrientations_iPad = "UIInterfaceOrientationPortrait UIInterfaceOrientationPortraitUpsideDown UIInterfaceOrientationLandscapeLeft UIInterfaceOrientationLandscapeRight";
				INFOPLIST_KEY_UISupportedInterfaceOrientations_iPhone = "UIInterfaceOrientationPortrait UIInterfaceOrientationLandscapeLeft UIInterfaceOrientationLandscapeRight";
				LD_RUNPATH_SEARCH_PATHS = (
					"$(inherited)",
					"@executable_path/Frameworks",
				);
				MARKETING_VERSION = 1.0;
				PRODUCT_BUNDLE_IDENTIFIER = com.bokyung.Webtoon;
				PRODUCT_NAME = "$(TARGET_NAME)";
				SWIFT_EMIT_LOC_STRINGS = YES;
				SWIFT_VERSION = 5.0;
				TARGETED_DEVICE_FAMILY = "1,2";
			};
			name = Release;
		};
/* End XCBuildConfiguration section */

/* Begin XCConfigurationList section */
		3E229DB72A51995E00EDD3EB /* Build configuration list for PBXProject "Webtoon" */ = {
			isa = XCConfigurationList;
			buildConfigurations = (
				3E229DC82A51996000EDD3EB /* Debug */,
				3E229DC92A51996000EDD3EB /* Release */,
			);
			defaultConfigurationIsVisible = 0;
			defaultConfigurationName = Release;
		};
		3E229DCA2A51996000EDD3EB /* Build configuration list for PBXNativeTarget "Webtoon" */ = {
			isa = XCConfigurationList;
			buildConfigurations = (
				3E229DCB2A51996000EDD3EB /* Debug */,
				3E229DCC2A51996000EDD3EB /* Release */,
			);
			defaultConfigurationIsVisible = 0;
			defaultConfigurationName = Release;
		};
/* End XCConfigurationList section */
	};
	rootObject = 3E229DB42A51995E00EDD3EB /* Project object */;
}
